{
  "version": 4,
  "terraform_version": "1.13.3",
  "serial": 56,
  "lineage": "5f31b0b0-3b7f-7b10-5de1-a16dc39f5ce1",
  "outputs": {},
  "resources": [
    {
      "module": "module.staging",
      "mode": "data",
      "type": "aws_caller_identity",
      "name": "this",
      "provider": "provider[\"registry.terraform.io/hashicorp/aws\"]",
      "instances": [
        {
          "schema_version": 0,
          "attributes": {
            "account_id": "742460038063",
            "arn": "arn:aws:iam::742460038063:user/terraform-admin",
            "id": "742460038063",
            "user_id": "AIDA2ZXQRDOX7N7FYVEU5"
          },
          "sensitive_attributes": [],
          "identity_schema_version": 0
        }
      ]
    },
    {
      "module": "module.staging",
      "mode": "managed",
      "type": "aws_iam_role",
      "name": "terraform_admin_role",
      "provider": "provider[\"registry.terraform.io/hashicorp/aws\"]",
      "instances": [
        {
          "schema_version": 0,
          "attributes": {
            "arn": "arn:aws:iam::742460038063:role/staging-terraform-admin-role",
            "assume_role_policy": "{\"Statement\":[{\"Action\":\"sts:AssumeRole\",\"Effect\":\"Allow\",\"Principal\":{\"AWS\":\"arn:aws:iam::742460038063:root\"}}],\"Version\":\"2012-10-17\"}",
            "create_date": "2025-11-17T09:36:23Z",
            "description": "",
            "force_detach_policies": false,
            "id": "staging-terraform-admin-role",
            "inline_policy": [],
            "managed_policy_arns": [
              "arn:aws:iam::aws:policy/AdministratorAccess"
            ],
            "max_session_duration": 3600,
            "name": "staging-terraform-admin-role",
            "name_prefix": "",
            "path": "/",
            "permissions_boundary": "",
            "tags": {
              "Environment": "production",
              "ManagedBy": "Terraform",
              "Name": "staging-terraform-admin-role"
            },
            "tags_all": {
              "Environment": "production",
              "ManagedBy": "Terraform",
              "Name": "staging-terraform-admin-role"
            },
            "unique_id": "AROA2ZXQRDOX52P7WWNSH"
          },
          "sensitive_attributes": [],
          "identity_schema_version": 0,
          "private": "bnVsbA==",
          "dependencies": [
            "module.staging.data.aws_caller_identity.this"
          ],
          "create_before_destroy": true
        }
      ]
    },
    {
      "module": "module.staging",
      "mode": "managed",
      "type": "aws_iam_role_policy_attachment",
      "name": "terraform_admin_policy",
      "provider": "provider[\"registry.terraform.io/hashicorp/aws\"]",
      "instances": [
        {
          "schema_version": 0,
          "attributes": {
            "id": "staging-terraform-admin-role-20251117093629302900000001",
            "policy_arn": "arn:aws:iam::aws:policy/AdministratorAccess",
            "role": "staging-terraform-admin-role"
          },
          "sensitive_attributes": [],
          "identity_schema_version": 0,
          "private": "bnVsbA==",
          "dependencies": [
            "module.staging.aws_iam_role.terraform_admin_role",
            "module.staging.data.aws_caller_identity.this"
          ],
          "create_before_destroy": true
        }
      ]
    },
    {
      "module": "module.staging.module.eks.module.eks",
      "mode": "data",
      "type": "aws_caller_identity",
      "name": "current",
      "provider": "provider[\"registry.terraform.io/hashicorp/aws\"]",
      "instances": [
        {
          "index_key": 0,
          "schema_version": 0,
          "attributes": {
            "account_id": "742460038063",
            "arn": "arn:aws:iam::742460038063:user/terraform-admin",
            "id": "742460038063",
            "user_id": "AIDA2ZXQRDOX7N7FYVEU5"
          },
          "sensitive_attributes": [],
          "identity_schema_version": 0
        }
      ]
    },
    {
      "module": "module.staging.module.eks.module.eks",
      "mode": "data",
      "type": "aws_iam_policy_document",
      "name": "assume_role_policy",
      "provider": "provider[\"registry.terraform.io/hashicorp/aws\"]",
      "instances": [
        {
          "index_key": 0,
          "schema_version": 0,
          "attributes": {
            "id": "1464371497",
            "json": "{\n  \"Version\": \"2012-10-17\",\n  \"Statement\": [\n    {\n      \"Sid\": \"EKSClusterAssumeRole\",\n      \"Effect\": \"Allow\",\n      \"Action\": [\n        \"sts:TagSession\",\n        \"sts:AssumeRole\"\n      ],\n      \"Principal\": {\n        \"Service\": \"eks.amazonaws.com\"\n      }\n    }\n  ]\n}",
            "minified_json": "{\"Version\":\"2012-10-17\",\"Statement\":[{\"Sid\":\"EKSClusterAssumeRole\",\"Effect\":\"Allow\",\"Action\":[\"sts:TagSession\",\"sts:AssumeRole\"],\"Principal\":{\"Service\":\"eks.amazonaws.com\"}}]}",
            "override_json": null,
            "override_policy_documents": null,
            "policy_id": null,
            "source_json": null,
            "source_policy_documents": null,
            "statement": [
              {
                "actions": [
                  "sts:AssumeRole",
                  "sts:TagSession"
                ],
                "condition": [],
                "effect": "Allow",
                "not_actions": [],
                "not_principals": [],
                "not_resources": [],
                "principals": [
                  {
                    "identifiers": [
                      "eks.amazonaws.com"
                    ],
                    "type": "Service"
                  }
                ],
                "resources": [],
                "sid": "EKSClusterAssumeRole"
              }
            ],
            "version": "2012-10-17"
          },
          "sensitive_attributes": [],
          "identity_schema_version": 0
        }
      ]
    },
    {
      "module": "module.staging.module.eks.module.eks",
      "mode": "data",
      "type": "aws_iam_session_context",
      "name": "current",
      "provider": "provider[\"registry.terraform.io/hashicorp/aws\"]",
      "instances": [
        {
          "index_key": 0,
          "schema_version": 0,
          "attributes": {
            "arn": "arn:aws:iam::742460038063:user/terraform-admin",
            "id": "arn:aws:iam::742460038063:user/terraform-admin",
            "issuer_arn": "arn:aws:iam::742460038063:user/terraform-admin",
            "issuer_id": "",
            "issuer_name": "",
            "session_name": ""
          },
          "sensitive_attributes": [],
          "identity_schema_version": 0
        }
      ]
    },
    {
      "module": "module.staging.module.eks.module.eks",
      "mode": "data",
      "type": "aws_partition",
      "name": "current",
      "provider": "provider[\"registry.terraform.io/hashicorp/aws\"]",
      "instances": [
        {
          "index_key": 0,
          "schema_version": 0,
          "attributes": {
            "dns_suffix": "amazonaws.com",
            "id": "aws",
            "partition": "aws",
            "reverse_dns_prefix": "com.amazonaws"
          },
          "sensitive_attributes": [],
          "identity_schema_version": 0
        }
      ]
    },
    {
      "module": "module.staging.module.eks.module.eks",
      "mode": "managed",
      "type": "aws_cloudwatch_log_group",
      "name": "this",
      "provider": "provider[\"registry.terraform.io/hashicorp/aws\"]",
      "instances": [
        {
          "index_key": 0,
          "schema_version": 0,
          "attributes": {
            "arn": "arn:aws:logs:eu-west-3:742460038063:log-group:/aws/eks/staging/cluster",
            "id": "/aws/eks/staging/cluster",
            "kms_key_id": "",
            "log_group_class": "STANDARD",
            "name": "/aws/eks/staging/cluster",
            "name_prefix": "",
            "retention_in_days": 90,
            "skip_destroy": false,
            "tags": {
              "Name": "/aws/eks/staging/cluster"
            },
            "tags_all": {
              "Name": "/aws/eks/staging/cluster"
            }
          },
          "sensitive_attributes": [],
          "identity_schema_version": 0,
          "private": "bnVsbA==",
          "dependencies": [
            "module.staging.aws_iam_role.terraform_admin_role",
            "module.staging.aws_iam_role_policy_attachment.terraform_admin_policy",
            "module.staging.data.aws_caller_identity.this"
          ],
          "create_before_destroy": true
        }
      ]
    },
    {
      "module": "module.staging.module.eks.module.eks",
      "mode": "managed",
      "type": "aws_eks_cluster",
      "name": "this",
      "provider": "provider[\"registry.terraform.io/hashicorp/aws\"]",
      "instances": [
        {
          "index_key": 0,
          "schema_version": 1,
          "attributes": {
            "access_config": [
              {
                "authentication_mode": "API_AND_CONFIG_MAP",
                "bootstrap_cluster_creator_admin_permissions": false
              }
            ],
            "arn": "arn:aws:eks:eu-west-3:742460038063:cluster/staging",
            "bootstrap_self_managed_addons": true,
            "certificate_authority": [
              {
                "data": "LS0tLS1CRUdJTiBDRVJUSUZJQ0FURS0tLS0tCk1JSURCVENDQWUyZ0F3SUJBZ0lJTVZpK2pXSUs2V0l3RFFZSktvWklodmNOQVFFTEJRQXdGVEVUTUJFR0ExVUUKQXhNS2EzVmlaWEp1WlhSbGN6QWVGdzB5TlRFeE1UY3dPVE00TURGYUZ3MHpOVEV4TVRVd09UUXpNREZhTUJVeApFekFSQmdOVkJBTVRDbXQxWW1WeWJtVjBaWE13Z2dFaU1BMEdDU3FHU0liM0RRRUJBUVVBQTRJQkR3QXdnZ0VLCkFvSUJBUURHQk1Zc0NBa05YOU9xL0N2K0xFOW1KWjFtS1pQd1VNMDZMekpYbVFnZWk4ZGYyS09IYm5ockxjamIKbVpXVCtEWTF6REFWcXRITytxdk5aZXFrZmVSL0FhdU1SVXpUWnR4MTgydnFKV1A5azB5aGxua2ZMMXFrNHd6NQpsYUxDdUtoMFVFbjhPSVErVGwzTDV6TytaV0hzd0tINjJkd2RiSmJJY2lBNFBNRFhGY3c5OG5oaE0zTnU3UEp2CjlJNTQvZXdrL0N5SWZ5M2tBa2h5a1VaeTBPUHJOMUtUdFYvWkpXWHg1dDRJc3hNMm95cEw3dHhyM2FpeWdtZTEKSy9abnI5b2s5QXNkODdSSlNiZjBDTXVxZVZ3T1gway9ZZExJdjg0ZmpQcUpBZEMvSUJUVUVUSEdXeGJsMTdkSwptd1VET2I3WEp0eFBpNDVJRE5oa295ek5mc2pSQWdNQkFBR2pXVEJYTUE0R0ExVWREd0VCL3dRRUF3SUNwREFQCkJnTlZIUk1CQWY4RUJUQURBUUgvTUIwR0ExVWREZ1FXQkJTVldZbCtDbC9kb2gzbStncEphR0JXOW1nUDFUQVYKQmdOVkhSRUVEakFNZ2dwcmRXSmxjbTVsZEdWek1BMEdDU3FHU0liM0RRRUJDd1VBQTRJQkFRQWVFN0Q0eTEyTQpFZjMzL0k0T3A1MDBVM2o0L2p2Zm1PaG8xajlaL2J5TEtocCtXNmR5eDRuUHFkT2d3MFoyU242M09VSkRDZWR3CmRqOWQ0QmgwbE1NYnB4eXN4d2hzdGNQM1VWRkVlMTEvRUY1alhnQXpxQlpXSUNURXJEbjRlbjhZeUV6UDBvdGwKejBXRXhyQzkvT1FWN1p0UEdRVG45SG9KYXZXUXVhd2lsaUM4TFpHM1hFNWdNdTBHbzY2c1J2UWZFdWd4QVYxMgpKSGNUZ2xBcVloNWRhU2lidmduZ2NVaTlocDdhaXduLzhNRGcvaTM0c3NpRERYb0hjdk9JT1BDS25HY2lsdHhFClJzMHNld0ZwY3p1Qld6VldBeU5aK29TaE1HVkNJZmZsZ05QYWhpTG5JSEF5MmV2SExvWjhJWWg5SnRFRlRZRkgKcXFQaWZCNzcvN1NKCi0tLS0tRU5EIENFUlRJRklDQVRFLS0tLS0K"
              }
            ],
            "cluster_id": null,
            "compute_config": [],
            "created_at": "2025-11-17T09:36:57Z",
            "enabled_cluster_log_types": [
              "api",
              "audit",
              "authenticator"
            ],
            "encryption_config": [
              {
                "provider": [
                  {
                    "key_arn": "arn:aws:kms:eu-west-3:742460038063:key/174763c3-f0fd-492e-986e-e366c03afe9d"
                  }
                ],
                "resources": [
                  "secrets"
                ]
              }
            ],
            "endpoint": "https://D8F8278B36C285920E68485595812690.gr7.eu-west-3.eks.amazonaws.com",
            "force_update_version": null,
            "id": "staging",
            "identity": [
              {
                "oidc": [
                  {
                    "issuer": "https://oidc.eks.eu-west-3.amazonaws.com/id/D8F8278B36C285920E68485595812690"
                  }
                ]
              }
            ],
            "kubernetes_network_config": [
              {
                "elastic_load_balancing": [
                  {
                    "enabled": false
                  }
                ],
                "ip_family": "ipv4",
                "service_ipv4_cidr": "172.20.0.0/16",
                "service_ipv6_cidr": ""
              }
            ],
            "name": "staging",
            "outpost_config": [],
            "platform_version": "eks.56",
            "remote_network_config": [],
            "role_arn": "arn:aws:iam::742460038063:role/staging-cluster-20251117093629497600000002",
            "status": "ACTIVE",
            "storage_config": [],
            "tags": {
              "terraform-aws-modules": "eks"
            },
            "tags_all": {
              "terraform-aws-modules": "eks"
            },
            "timeouts": {
              "create": null,
              "delete": null,
              "update": null
            },
            "upgrade_policy": [
              {
                "support_type": "EXTENDED"
              }
            ],
            "version": "1.29",
            "vpc_config": [
              {
                "cluster_security_group_id": "sg-0cb7ac0ed04262732",
                "endpoint_private_access": true,
                "endpoint_public_access": true,
                "public_access_cidrs": [
                  "0.0.0.0/0"
                ],
                "security_group_ids": [
                  "sg-0b5f86d7d5ca81c44"
                ],
                "subnet_ids": [
                  "subnet-0458f41fa83ea654f",
                  "subnet-05a8c0ccfbc5e4d23"
                ],
                "vpc_id": "vpc-0b3869675956d505a"
              }
            ],
            "zonal_shift_config": []
          },
          "sensitive_attributes": [],
          "identity_schema_version": 0,
          "private": "eyJlMmJmYjczMC1lY2FhLTExZTYtOGY4OC0zNDM2M2JjN2M0YzAiOnsiY3JlYXRlIjoxODAwMDAwMDAwMDAwLCJkZWxldGUiOjkwMDAwMDAwMDAwMCwidXBkYXRlIjozNjAwMDAwMDAwMDAwfSwic2NoZW1hX3ZlcnNpb24iOiIxIn0=",
          "dependencies": [
            "module.staging.aws_iam_role.terraform_admin_role",
            "module.staging.aws_iam_role_policy_attachment.terraform_admin_policy",
            "module.staging.data.aws_caller_identity.this",
            "module.staging.module.eks.module.eks.aws_cloudwatch_log_group.this",
            "module.staging.module.eks.module.eks.aws_iam_policy.cni_ipv6_policy",
            "module.staging.module.eks.module.eks.aws_iam_role.eks_auto",
            "module.staging.module.eks.module.eks.aws_iam_role.this",
            "module.staging.module.eks.module.eks.aws_iam_role_policy_attachment.this",
            "module.staging.module.eks.module.eks.aws_security_group.cluster",
            "module.staging.module.eks.module.eks.aws_security_group.node",
            "module.staging.module.eks.module.eks.aws_security_group_rule.cluster",
            "module.staging.module.eks.module.eks.aws_security_group_rule.node",
            "module.staging.module.eks.module.eks.data.aws_caller_identity.current",
            "module.staging.module.eks.module.eks.data.aws_iam_policy_document.assume_role_policy",
            "module.staging.module.eks.module.eks.data.aws_iam_policy_document.cni_ipv6_policy",
            "module.staging.module.eks.module.eks.data.aws_iam_policy_document.node_assume_role_policy",
            "module.staging.module.eks.module.eks.data.aws_iam_session_context.current",
            "module.staging.module.eks.module.eks.data.aws_partition.current",
            "module.staging.module.eks.module.eks.module.kms.aws_kms_external_key.this",
            "module.staging.module.eks.module.eks.module.kms.aws_kms_key.this",
            "module.staging.module.eks.module.eks.module.kms.aws_kms_replica_external_key.this",
            "module.staging.module.eks.module.eks.module.kms.aws_kms_replica_key.this",
            "module.staging.module.eks.module.eks.module.kms.data.aws_caller_identity.current",
            "module.staging.module.eks.module.eks.module.kms.data.aws_iam_policy_document.this",
            "module.staging.module.eks.module.eks.module.kms.data.aws_partition.current",
            "module.staging.module.network.module.vpc.aws_subnet.private",
            "module.staging.module.network.module.vpc.aws_vpc.this",
            "module.staging.module.network.module.vpc.aws_vpc_ipv4_cidr_block_association.this"
          ],
          "create_before_destroy": true
        }
      ]
    },
    {
      "module": "module.staging.module.eks.module.eks",
      "mode": "managed",
      "type": "aws_iam_role",
      "name": "this",
      "provider": "provider[\"registry.terraform.io/hashicorp/aws\"]",
      "instances": [
        {
          "index_key": 0,
          "schema_version": 0,
          "attributes": {
            "arn": "arn:aws:iam::742460038063:role/staging-cluster-20251117093629497600000002",
            "assume_role_policy": "{\"Statement\":[{\"Action\":[\"sts:TagSession\",\"sts:AssumeRole\"],\"Effect\":\"Allow\",\"Principal\":{\"Service\":\"eks.amazonaws.com\"},\"Sid\":\"EKSClusterAssumeRole\"}],\"Version\":\"2012-10-17\"}",
            "create_date": "2025-11-17T09:36:28Z",
            "description": "",
            "force_detach_policies": true,
            "id": "staging-cluster-20251117093629497600000002",
            "inline_policy": [],
            "managed_policy_arns": [
              "arn:aws:iam::742460038063:policy/staging-cluster-20251117093629506300000004",
              "arn:aws:iam::742460038063:policy/staging-cluster-ClusterEncryption20251117093657050600000013",
              "arn:aws:iam::aws:policy/AmazonEKSClusterPolicy",
              "arn:aws:iam::aws:policy/AmazonEKSVPCResourceController"
            ],
            "max_session_duration": 3600,
            "name": "staging-cluster-20251117093629497600000002",
            "name_prefix": "staging-cluster-",
            "path": "/",
            "permissions_boundary": "",
            "tags": {},
            "tags_all": {},
            "unique_id": "AROA2ZXQRDOXTNGKDKSZC"
          },
          "sensitive_attributes": [],
          "identity_schema_version": 0,
          "private": "bnVsbA==",
          "dependencies": [
            "module.staging.aws_iam_role.terraform_admin_role",
            "module.staging.aws_iam_role_policy_attachment.terraform_admin_policy",
            "module.staging.data.aws_caller_identity.this",
            "module.staging.module.eks.module.eks.data.aws_iam_policy_document.assume_role_policy"
          ],
          "create_before_destroy": true
        }
      ]
    },
    {
      "module": "module.staging.module.eks.module.eks",
      "mode": "managed",
      "type": "aws_iam_role_policy_attachment",
      "name": "this",
      "provider": "provider[\"registry.terraform.io/hashicorp/aws\"]",
      "instances": [
        {
          "index_key": "AmazonEKSClusterPolicy",
          "schema_version": 0,
          "attributes": {
            "id": "staging-cluster-20251117093629497600000002-2025111709363340700000000c",
            "policy_arn": "arn:aws:iam::aws:policy/AmazonEKSClusterPolicy",
            "role": "staging-cluster-20251117093629497600000002"
          },
          "sensitive_attributes": [],
          "identity_schema_version": 0,
          "private": "bnVsbA==",
          "dependencies": [
            "module.staging.aws_iam_role.terraform_admin_role",
            "module.staging.aws_iam_role_policy_attachment.terraform_admin_policy",
            "module.staging.data.aws_caller_identity.this",
            "module.staging.module.eks.module.eks.aws_iam_role.this",
            "module.staging.module.eks.module.eks.data.aws_iam_policy_document.assume_role_policy",
            "module.staging.module.eks.module.eks.data.aws_partition.current"
          ],
          "create_before_destroy": true
        },
        {
          "index_key": "AmazonEKSVPCResourceController",
          "schema_version": 0,
          "attributes": {
            "id": "staging-cluster-20251117093629497600000002-2025111709363340100000000b",
            "policy_arn": "arn:aws:iam::aws:policy/AmazonEKSVPCResourceController",
            "role": "staging-cluster-20251117093629497600000002"
          },
          "sensitive_attributes": [],
          "identity_schema_version": 0,
          "private": "bnVsbA==",
          "dependencies": [
            "module.staging.aws_iam_role.terraform_admin_role",
            "module.staging.aws_iam_role_policy_attachment.terraform_admin_policy",
            "module.staging.data.aws_caller_identity.this",
            "module.staging.module.eks.module.eks.aws_iam_role.this",
            "module.staging.module.eks.module.eks.data.aws_iam_policy_document.assume_role_policy",
            "module.staging.module.eks.module.eks.data.aws_partition.current"
          ],
          "create_before_destroy": true
        }
      ]
    },
    {
      "module": "module.staging.module.eks.module.eks",
      "mode": "managed",
      "type": "aws_security_group",
      "name": "cluster",
      "provider": "provider[\"registry.terraform.io/hashicorp/aws\"]",
      "instances": [
        {
          "index_key": 0,
          "schema_version": 1,
          "attributes": {
            "arn": "arn:aws:ec2:eu-west-3:742460038063:security-group/sg-0b5f86d7d5ca81c44",
            "description": "EKS cluster security group",
            "egress": [],
            "id": "sg-0b5f86d7d5ca81c44",
            "ingress": [
              {
                "cidr_blocks": [],
                "description": "Node groups to cluster API",
                "from_port": 443,
                "ipv6_cidr_blocks": [],
                "prefix_list_ids": [],
                "protocol": "tcp",
                "security_groups": [
                  "sg-0b56d0ecceae8f9b8"
                ],
                "self": false,
                "to_port": 443
              }
            ],
            "name": "staging-cluster-20251117093638848000000010",
            "name_prefix": "staging-cluster-",
            "owner_id": "742460038063",
            "revoke_rules_on_delete": false,
            "tags": {
              "Name": "staging-cluster"
            },
            "tags_all": {
              "Name": "staging-cluster"
            },
            "timeouts": null,
            "vpc_id": "vpc-0b3869675956d505a"
          },
          "sensitive_attributes": [],
          "identity_schema_version": 0,
          "private": "eyJlMmJmYjczMC1lY2FhLTExZTYtOGY4OC0zNDM2M2JjN2M0YzAiOnsiY3JlYXRlIjo2MDAwMDAwMDAwMDAsImRlbGV0ZSI6OTAwMDAwMDAwMDAwfSwic2NoZW1hX3ZlcnNpb24iOiIxIn0=",
          "dependencies": [
            "module.staging.aws_iam_role.terraform_admin_role",
            "module.staging.aws_iam_role_policy_attachment.terraform_admin_policy",
            "module.staging.data.aws_caller_identity.this",
            "module.staging.module.network.module.vpc.aws_vpc.this"
          ],
          "create_before_destroy": true
        }
      ]
    },
    {
      "module": "module.staging.module.eks.module.eks",
      "mode": "managed",
      "type": "aws_security_group",
      "name": "node",
      "provider": "provider[\"registry.terraform.io/hashicorp/aws\"]",
      "instances": [
        {
          "index_key": 0,
          "schema_version": 1,
          "attributes": {
            "arn": "arn:aws:ec2:eu-west-3:742460038063:security-group/sg-0b56d0ecceae8f9b8",
            "description": "EKS node shared security group",
            "egress": [
              {
                "cidr_blocks": [
                  "0.0.0.0/0"
                ],
                "description": "Allow all egress",
                "from_port": 0,
                "ipv6_cidr_blocks": [],
                "prefix_list_ids": [],
                "protocol": "-1",
                "security_groups": [],
                "self": false,
                "to_port": 0
              }
            ],
            "id": "sg-0b56d0ecceae8f9b8",
            "ingress": [
              {
                "cidr_blocks": [],
                "description": "Cluster API to node 4443/tcp webhook",
                "from_port": 4443,
                "ipv6_cidr_blocks": [],
                "prefix_list_ids": [],
                "protocol": "tcp",
                "security_groups": [
                  "sg-0b5f86d7d5ca81c44"
                ],
                "self": false,
                "to_port": 4443
              },
              {
                "cidr_blocks": [],
                "description": "Cluster API to node 6443/tcp webhook",
                "from_port": 6443,
                "ipv6_cidr_blocks": [],
                "prefix_list_ids": [],
                "protocol": "tcp",
                "security_groups": [
                  "sg-0b5f86d7d5ca81c44"
                ],
                "self": false,
                "to_port": 6443
              },
              {
                "cidr_blocks": [],
                "description": "Cluster API to node 8443/tcp webhook",
                "from_port": 8443,
                "ipv6_cidr_blocks": [],
                "prefix_list_ids": [],
                "protocol": "tcp",
                "security_groups": [
                  "sg-0b5f86d7d5ca81c44"
                ],
                "self": false,
                "to_port": 8443
              },
              {
                "cidr_blocks": [],
                "description": "Cluster API to node 9443/tcp webhook",
                "from_port": 9443,
                "ipv6_cidr_blocks": [],
                "prefix_list_ids": [],
                "protocol": "tcp",
                "security_groups": [
                  "sg-0b5f86d7d5ca81c44"
                ],
                "self": false,
                "to_port": 9443
              },
              {
                "cidr_blocks": [],
                "description": "Cluster API to node groups",
                "from_port": 443,
                "ipv6_cidr_blocks": [],
                "prefix_list_ids": [],
                "protocol": "tcp",
                "security_groups": [
                  "sg-0b5f86d7d5ca81c44"
                ],
                "self": false,
                "to_port": 443
              },
              {
                "cidr_blocks": [],
                "description": "Cluster API to node kubelets",
                "from_port": 10250,
                "ipv6_cidr_blocks": [],
                "prefix_list_ids": [],
                "protocol": "tcp",
                "security_groups": [
                  "sg-0b5f86d7d5ca81c44"
                ],
                "self": false,
                "to_port": 10250
              },
              {
                "cidr_blocks": [],
                "description": "Node to node CoreDNS UDP",
                "from_port": 53,
                "ipv6_cidr_blocks": [],
                "prefix_list_ids": [],
                "protocol": "udp",
                "security_groups": [],
                "self": true,
                "to_port": 53
              },
              {
                "cidr_blocks": [],
                "description": "Node to node CoreDNS",
                "from_port": 53,
                "ipv6_cidr_blocks": [],
                "prefix_list_ids": [],
                "protocol": "tcp",
                "security_groups": [],
                "self": true,
                "to_port": 53
              },
              {
                "cidr_blocks": [],
                "description": "Node to node ingress on ephemeral ports",
                "from_port": 1025,
                "ipv6_cidr_blocks": [],
                "prefix_list_ids": [],
                "protocol": "tcp",
                "security_groups": [],
                "self": true,
                "to_port": 65535
              }
            ],
            "name": "staging-node-20251117093638848000000011",
            "name_prefix": "staging-node-",
            "owner_id": "742460038063",
            "revoke_rules_on_delete": false,
            "tags": {
              "Name": "staging-node",
              "kubernetes.io/cluster/staging": "owned"
            },
            "tags_all": {
              "Name": "staging-node",
              "kubernetes.io/cluster/staging": "owned"
            },
            "timeouts": null,
            "vpc_id": "vpc-0b3869675956d505a"
          },
          "sensitive_attributes": [],
          "identity_schema_version": 0,
          "private": "eyJlMmJmYjczMC1lY2FhLTExZTYtOGY4OC0zNDM2M2JjN2M0YzAiOnsiY3JlYXRlIjo2MDAwMDAwMDAwMDAsImRlbGV0ZSI6OTAwMDAwMDAwMDAwfSwic2NoZW1hX3ZlcnNpb24iOiIxIn0=",
          "dependencies": [
            "module.staging.aws_iam_role.terraform_admin_role",
            "module.staging.aws_iam_role_policy_attachment.terraform_admin_policy",
            "module.staging.data.aws_caller_identity.this",
            "module.staging.module.network.module.vpc.aws_vpc.this"
          ],
          "create_before_destroy": true
        }
      ]
    },
    {
      "module": "module.staging.module.eks.module.eks",
      "mode": "managed",
      "type": "aws_security_group_rule",
      "name": "cluster",
      "provider": "provider[\"registry.terraform.io/hashicorp/aws\"]",
      "instances": [
        {
          "index_key": "ingress_nodes_443",
          "schema_version": 2,
          "attributes": {
            "cidr_blocks": null,
            "description": "Node groups to cluster API",
            "from_port": 443,
            "id": "sgrule-1349170846",
            "ipv6_cidr_blocks": null,
            "prefix_list_ids": null,
            "protocol": "tcp",
            "security_group_id": "sg-0b5f86d7d5ca81c44",
            "security_group_rule_id": "sgr-00b4c7fed3067d305",
            "self": false,
            "source_security_group_id": "sg-0b56d0ecceae8f9b8",
            "timeouts": null,
            "to_port": 443,
            "type": "ingress"
          },
          "sensitive_attributes": [],
          "identity_schema_version": 0,
          "private": "eyJlMmJmYjczMC1lY2FhLTExZTYtOGY4OC0zNDM2M2JjN2M0YzAiOnsiY3JlYXRlIjozMDAwMDAwMDAwMDB9LCJzY2hlbWFfdmVyc2lvbiI6IjIifQ==",
          "dependencies": [
            "module.staging.aws_iam_role.terraform_admin_role",
            "module.staging.aws_iam_role_policy_attachment.terraform_admin_policy",
            "module.staging.data.aws_caller_identity.this",
            "module.staging.module.eks.module.eks.aws_security_group.cluster",
            "module.staging.module.eks.module.eks.aws_security_group.node",
            "module.staging.module.network.module.vpc.aws_vpc.this"
          ],
          "create_before_destroy": true
        }
      ]
    },
    {
      "module": "module.staging.module.eks.module.eks",
      "mode": "managed",
      "type": "aws_security_group_rule",
      "name": "node",
      "provider": "provider[\"registry.terraform.io/hashicorp/aws\"]",
      "instances": [
        {
          "index_key": "egress_all",
          "schema_version": 2,
          "attributes": {
            "cidr_blocks": [
              "0.0.0.0/0"
            ],
            "description": "Allow all egress",
            "from_port": 0,
            "id": "sgrule-1874210215",
            "ipv6_cidr_blocks": null,
            "prefix_list_ids": [],
            "protocol": "-1",
            "security_group_id": "sg-0b56d0ecceae8f9b8",
            "security_group_rule_id": "sgr-08922a42d694d42c6",
            "self": false,
            "source_security_group_id": null,
            "timeouts": null,
            "to_port": 0,
            "type": "egress"
          },
          "sensitive_attributes": [],
          "identity_schema_version": 0,
          "private": "eyJlMmJmYjczMC1lY2FhLTExZTYtOGY4OC0zNDM2M2JjN2M0YzAiOnsiY3JlYXRlIjozMDAwMDAwMDAwMDB9LCJzY2hlbWFfdmVyc2lvbiI6IjIifQ==",
          "dependencies": [
            "module.staging.aws_iam_role.terraform_admin_role",
            "module.staging.aws_iam_role_policy_attachment.terraform_admin_policy",
            "module.staging.data.aws_caller_identity.this",
            "module.staging.module.eks.module.eks.aws_security_group.cluster",
            "module.staging.module.eks.module.eks.aws_security_group.node",
            "module.staging.module.network.module.vpc.aws_vpc.this"
          ],
          "create_before_destroy": true
        },
        {
          "index_key": "ingress_cluster_443",
          "schema_version": 2,
          "attributes": {
            "cidr_blocks": null,
            "description": "Cluster API to node groups",
            "from_port": 443,
            "id": "sgrule-1097613913",
            "ipv6_cidr_blocks": null,
            "prefix_list_ids": [],
            "protocol": "tcp",
            "security_group_id": "sg-0b56d0ecceae8f9b8",
            "security_group_rule_id": "sgr-0b577d41a1291ffa6",
            "self": false,
            "source_security_group_id": "sg-0b5f86d7d5ca81c44",
            "timeouts": null,
            "to_port": 443,
            "type": "ingress"
          },
          "sensitive_attributes": [],
          "identity_schema_version": 0,
          "private": "eyJlMmJmYjczMC1lY2FhLTExZTYtOGY4OC0zNDM2M2JjN2M0YzAiOnsiY3JlYXRlIjozMDAwMDAwMDAwMDB9LCJzY2hlbWFfdmVyc2lvbiI6IjIifQ==",
          "dependencies": [
            "module.staging.aws_iam_role.terraform_admin_role",
            "module.staging.aws_iam_role_policy_attachment.terraform_admin_policy",
            "module.staging.data.aws_caller_identity.this",
            "module.staging.module.eks.module.eks.aws_security_group.cluster",
            "module.staging.module.eks.module.eks.aws_security_group.node",
            "module.staging.module.network.module.vpc.aws_vpc.this"
          ],
          "create_before_destroy": true
        },
        {
          "index_key": "ingress_cluster_4443_webhook",
          "schema_version": 2,
          "attributes": {
            "cidr_blocks": null,
            "description": "Cluster API to node 4443/tcp webhook",
            "from_port": 4443,
            "id": "sgrule-2086585762",
            "ipv6_cidr_blocks": null,
            "prefix_list_ids": [],
            "protocol": "tcp",
            "security_group_id": "sg-0b56d0ecceae8f9b8",
            "security_group_rule_id": "sgr-0f9515cc692e7c2e5",
            "self": false,
            "source_security_group_id": "sg-0b5f86d7d5ca81c44",
            "timeouts": null,
            "to_port": 4443,
            "type": "ingress"
          },
          "sensitive_attributes": [],
          "identity_schema_version": 0,
          "private": "eyJlMmJmYjczMC1lY2FhLTExZTYtOGY4OC0zNDM2M2JjN2M0YzAiOnsiY3JlYXRlIjozMDAwMDAwMDAwMDB9LCJzY2hlbWFfdmVyc2lvbiI6IjIifQ==",
          "dependencies": [
            "module.staging.aws_iam_role.terraform_admin_role",
            "module.staging.aws_iam_role_policy_attachment.terraform_admin_policy",
            "module.staging.data.aws_caller_identity.this",
            "module.staging.module.eks.module.eks.aws_security_group.cluster",
            "module.staging.module.eks.module.eks.aws_security_group.node",
            "module.staging.module.network.module.vpc.aws_vpc.this"
          ],
          "create_before_destroy": true
        },
        {
          "index_key": "ingress_cluster_6443_webhook",
          "schema_version": 2,
          "attributes": {
            "cidr_blocks": null,
            "description": "Cluster API to node 6443/tcp webhook",
            "from_port": 6443,
            "id": "sgrule-1256414664",
            "ipv6_cidr_blocks": null,
            "prefix_list_ids": [],
            "protocol": "tcp",
            "security_group_id": "sg-0b56d0ecceae8f9b8",
            "security_group_rule_id": "sgr-029d99ca1ed847e2f",
            "self": false,
            "source_security_group_id": "sg-0b5f86d7d5ca81c44",
            "timeouts": null,
            "to_port": 6443,
            "type": "ingress"
          },
          "sensitive_attributes": [],
          "identity_schema_version": 0,
          "private": "eyJlMmJmYjczMC1lY2FhLTExZTYtOGY4OC0zNDM2M2JjN2M0YzAiOnsiY3JlYXRlIjozMDAwMDAwMDAwMDB9LCJzY2hlbWFfdmVyc2lvbiI6IjIifQ==",
          "dependencies": [
            "module.staging.aws_iam_role.terraform_admin_role",
            "module.staging.aws_iam_role_policy_attachment.terraform_admin_policy",
            "module.staging.data.aws_caller_identity.this",
            "module.staging.module.eks.module.eks.aws_security_group.cluster",
            "module.staging.module.eks.module.eks.aws_security_group.node",
            "module.staging.module.network.module.vpc.aws_vpc.this"
          ],
          "create_before_destroy": true
        },
        {
          "index_key": "ingress_cluster_8443_webhook",
          "schema_version": 2,
          "attributes": {
            "cidr_blocks": null,
            "description": "Cluster API to node 8443/tcp webhook",
            "from_port": 8443,
            "id": "sgrule-1505714665",
            "ipv6_cidr_blocks": null,
            "prefix_list_ids": [],
            "protocol": "tcp",
            "security_group_id": "sg-0b56d0ecceae8f9b8",
            "security_group_rule_id": "sgr-045a42b46ca0dc016",
            "self": false,
            "source_security_group_id": "sg-0b5f86d7d5ca81c44",
            "timeouts": null,
            "to_port": 8443,
            "type": "ingress"
          },
          "sensitive_attributes": [],
          "identity_schema_version": 0,
          "private": "eyJlMmJmYjczMC1lY2FhLTExZTYtOGY4OC0zNDM2M2JjN2M0YzAiOnsiY3JlYXRlIjozMDAwMDAwMDAwMDB9LCJzY2hlbWFfdmVyc2lvbiI6IjIifQ==",
          "dependencies": [
            "module.staging.aws_iam_role.terraform_admin_role",
            "module.staging.aws_iam_role_policy_attachment.terraform_admin_policy",
            "module.staging.data.aws_caller_identity.this",
            "module.staging.module.eks.module.eks.aws_security_group.cluster",
            "module.staging.module.eks.module.eks.aws_security_group.node",
            "module.staging.module.network.module.vpc.aws_vpc.this"
          ],
          "create_before_destroy": true
        },
        {
          "index_key": "ingress_cluster_9443_webhook",
          "schema_version": 2,
          "attributes": {
            "cidr_blocks": null,
            "description": "Cluster API to node 9443/tcp webhook",
            "from_port": 9443,
            "id": "sgrule-1025397282",
            "ipv6_cidr_blocks": null,
            "prefix_list_ids": [],
            "protocol": "tcp",
            "security_group_id": "sg-0b56d0ecceae8f9b8",
            "security_group_rule_id": "sgr-058a4923257541d2f",
            "self": false,
            "source_security_group_id": "sg-0b5f86d7d5ca81c44",
            "timeouts": null,
            "to_port": 9443,
            "type": "ingress"
          },
          "sensitive_attributes": [],
          "identity_schema_version": 0,
          "private": "eyJlMmJmYjczMC1lY2FhLTExZTYtOGY4OC0zNDM2M2JjN2M0YzAiOnsiY3JlYXRlIjozMDAwMDAwMDAwMDB9LCJzY2hlbWFfdmVyc2lvbiI6IjIifQ==",
          "dependencies": [
            "module.staging.aws_iam_role.terraform_admin_role",
            "module.staging.aws_iam_role_policy_attachment.terraform_admin_policy",
            "module.staging.data.aws_caller_identity.this",
            "module.staging.module.eks.module.eks.aws_security_group.cluster",
            "module.staging.module.eks.module.eks.aws_security_group.node",
            "module.staging.module.network.module.vpc.aws_vpc.this"
          ],
          "create_before_destroy": true
        },
        {
          "index_key": "ingress_cluster_kubelet",
          "schema_version": 2,
          "attributes": {
            "cidr_blocks": null,
            "description": "Cluster API to node kubelets",
            "from_port": 10250,
            "id": "sgrule-693649620",
            "ipv6_cidr_blocks": null,
            "prefix_list_ids": [],
            "protocol": "tcp",
            "security_group_id": "sg-0b56d0ecceae8f9b8",
            "security_group_rule_id": "sgr-03388e910e002f02b",
            "self": false,
            "source_security_group_id": "sg-0b5f86d7d5ca81c44",
            "timeouts": null,
            "to_port": 10250,
            "type": "ingress"
          },
          "sensitive_attributes": [],
          "identity_schema_version": 0,
          "private": "eyJlMmJmYjczMC1lY2FhLTExZTYtOGY4OC0zNDM2M2JjN2M0YzAiOnsiY3JlYXRlIjozMDAwMDAwMDAwMDB9LCJzY2hlbWFfdmVyc2lvbiI6IjIifQ==",
          "dependencies": [
            "module.staging.aws_iam_role.terraform_admin_role",
            "module.staging.aws_iam_role_policy_attachment.terraform_admin_policy",
            "module.staging.data.aws_caller_identity.this",
            "module.staging.module.eks.module.eks.aws_security_group.cluster",
            "module.staging.module.eks.module.eks.aws_security_group.node",
            "module.staging.module.network.module.vpc.aws_vpc.this"
          ],
          "create_before_destroy": true
        },
        {
          "index_key": "ingress_nodes_ephemeral",
          "schema_version": 2,
          "attributes": {
            "cidr_blocks": null,
            "description": "Node to node ingress on ephemeral ports",
            "from_port": 1025,
            "id": "sgrule-342474669",
            "ipv6_cidr_blocks": null,
            "prefix_list_ids": [],
            "protocol": "tcp",
            "security_group_id": "sg-0b56d0ecceae8f9b8",
            "security_group_rule_id": "sgr-0509d51e6e9237636",
            "self": true,
            "source_security_group_id": null,
            "timeouts": null,
            "to_port": 65535,
            "type": "ingress"
          },
          "sensitive_attributes": [],
          "identity_schema_version": 0,
          "private": "eyJlMmJmYjczMC1lY2FhLTExZTYtOGY4OC0zNDM2M2JjN2M0YzAiOnsiY3JlYXRlIjozMDAwMDAwMDAwMDB9LCJzY2hlbWFfdmVyc2lvbiI6IjIifQ==",
          "dependencies": [
            "module.staging.aws_iam_role.terraform_admin_role",
            "module.staging.aws_iam_role_policy_attachment.terraform_admin_policy",
            "module.staging.data.aws_caller_identity.this",
            "module.staging.module.eks.module.eks.aws_security_group.cluster",
            "module.staging.module.eks.module.eks.aws_security_group.node",
            "module.staging.module.network.module.vpc.aws_vpc.this"
          ],
          "create_before_destroy": true
        },
        {
          "index_key": "ingress_self_coredns_tcp",
          "schema_version": 2,
          "attributes": {
            "cidr_blocks": null,
            "description": "Node to node CoreDNS",
            "from_port": 53,
            "id": "sgrule-580688124",
            "ipv6_cidr_blocks": null,
            "prefix_list_ids": [],
            "protocol": "tcp",
            "security_group_id": "sg-0b56d0ecceae8f9b8",
            "security_group_rule_id": "sgr-00516330ad8922df7",
            "self": true,
            "source_security_group_id": null,
            "timeouts": null,
            "to_port": 53,
            "type": "ingress"
          },
          "sensitive_attributes": [],
          "identity_schema_version": 0,
          "private": "eyJlMmJmYjczMC1lY2FhLTExZTYtOGY4OC0zNDM2M2JjN2M0YzAiOnsiY3JlYXRlIjozMDAwMDAwMDAwMDB9LCJzY2hlbWFfdmVyc2lvbiI6IjIifQ==",
          "dependencies": [
            "module.staging.aws_iam_role.terraform_admin_role",
            "module.staging.aws_iam_role_policy_attachment.terraform_admin_policy",
            "module.staging.data.aws_caller_identity.this",
            "module.staging.module.eks.module.eks.aws_security_group.cluster",
            "module.staging.module.eks.module.eks.aws_security_group.node",
            "module.staging.module.network.module.vpc.aws_vpc.this"
          ],
          "create_before_destroy": true
        },
        {
          "index_key": "ingress_self_coredns_udp",
          "schema_version": 2,
          "attributes": {
            "cidr_blocks": null,
            "description": "Node to node CoreDNS UDP",
            "from_port": 53,
            "id": "sgrule-2034025709",
            "ipv6_cidr_blocks": null,
            "prefix_list_ids": [],
            "protocol": "udp",
            "security_group_id": "sg-0b56d0ecceae8f9b8",
            "security_group_rule_id": "sgr-098e03d8f2dcd4f62",
            "self": true,
            "source_security_group_id": null,
            "timeouts": null,
            "to_port": 53,
            "type": "ingress"
          },
          "sensitive_attributes": [],
          "identity_schema_version": 0,
          "private": "eyJlMmJmYjczMC1lY2FhLTExZTYtOGY4OC0zNDM2M2JjN2M0YzAiOnsiY3JlYXRlIjozMDAwMDAwMDAwMDB9LCJzY2hlbWFfdmVyc2lvbiI6IjIifQ==",
          "dependencies": [
            "module.staging.aws_iam_role.terraform_admin_role",
            "module.staging.aws_iam_role_policy_attachment.terraform_admin_policy",
            "module.staging.data.aws_caller_identity.this",
            "module.staging.module.eks.module.eks.aws_security_group.cluster",
            "module.staging.module.eks.module.eks.aws_security_group.node",
            "module.staging.module.network.module.vpc.aws_vpc.this"
          ],
          "create_before_destroy": true
        }
      ]
    },
    {
      "module": "module.staging.module.eks.module.eks",
      "mode": "managed",
      "type": "time_sleep",
      "name": "this",
      "provider": "provider[\"registry.terraform.io/hashicorp/time\"]",
      "instances": [
        {
          "index_key": 0,
          "schema_version": 0,
          "attributes": {
            "create_duration": "30s",
            "destroy_duration": null,
            "id": "2025-11-17T09:47:13Z",
            "triggers": {
              "cluster_certificate_authority_data": "LS0tLS1CRUdJTiBDRVJUSUZJQ0FURS0tLS0tCk1JSURCVENDQWUyZ0F3SUJBZ0lJTVZpK2pXSUs2V0l3RFFZSktvWklodmNOQVFFTEJRQXdGVEVUTUJFR0ExVUUKQXhNS2EzVmlaWEp1WlhSbGN6QWVGdzB5TlRFeE1UY3dPVE00TURGYUZ3MHpOVEV4TVRVd09UUXpNREZhTUJVeApFekFSQmdOVkJBTVRDbXQxWW1WeWJtVjBaWE13Z2dFaU1BMEdDU3FHU0liM0RRRUJBUVVBQTRJQkR3QXdnZ0VLCkFvSUJBUURHQk1Zc0NBa05YOU9xL0N2K0xFOW1KWjFtS1pQd1VNMDZMekpYbVFnZWk4ZGYyS09IYm5ockxjamIKbVpXVCtEWTF6REFWcXRITytxdk5aZXFrZmVSL0FhdU1SVXpUWnR4MTgydnFKV1A5azB5aGxua2ZMMXFrNHd6NQpsYUxDdUtoMFVFbjhPSVErVGwzTDV6TytaV0hzd0tINjJkd2RiSmJJY2lBNFBNRFhGY3c5OG5oaE0zTnU3UEp2CjlJNTQvZXdrL0N5SWZ5M2tBa2h5a1VaeTBPUHJOMUtUdFYvWkpXWHg1dDRJc3hNMm95cEw3dHhyM2FpeWdtZTEKSy9abnI5b2s5QXNkODdSSlNiZjBDTXVxZVZ3T1gway9ZZExJdjg0ZmpQcUpBZEMvSUJUVUVUSEdXeGJsMTdkSwptd1VET2I3WEp0eFBpNDVJRE5oa295ek5mc2pSQWdNQkFBR2pXVEJYTUE0R0ExVWREd0VCL3dRRUF3SUNwREFQCkJnTlZIUk1CQWY4RUJUQURBUUgvTUIwR0ExVWREZ1FXQkJTVldZbCtDbC9kb2gzbStncEphR0JXOW1nUDFUQVYKQmdOVkhSRUVEakFNZ2dwcmRXSmxjbTVsZEdWek1BMEdDU3FHU0liM0RRRUJDd1VBQTRJQkFRQWVFN0Q0eTEyTQpFZjMzL0k0T3A1MDBVM2o0L2p2Zm1PaG8xajlaL2J5TEtocCtXNmR5eDRuUHFkT2d3MFoyU242M09VSkRDZWR3CmRqOWQ0QmgwbE1NYnB4eXN4d2hzdGNQM1VWRkVlMTEvRUY1alhnQXpxQlpXSUNURXJEbjRlbjhZeUV6UDBvdGwKejBXRXhyQzkvT1FWN1p0UEdRVG45SG9KYXZXUXVhd2lsaUM4TFpHM1hFNWdNdTBHbzY2c1J2UWZFdWd4QVYxMgpKSGNUZ2xBcVloNWRhU2lidmduZ2NVaTlocDdhaXduLzhNRGcvaTM0c3NpRERYb0hjdk9JT1BDS25HY2lsdHhFClJzMHNld0ZwY3p1Qld6VldBeU5aK29TaE1HVkNJZmZsZ05QYWhpTG5JSEF5MmV2SExvWjhJWWg5SnRFRlRZRkgKcXFQaWZCNzcvN1NKCi0tLS0tRU5EIENFUlRJRklDQVRFLS0tLS0K",
              "cluster_endpoint": "https://D8F8278B36C285920E68485595812690.gr7.eu-west-3.eks.amazonaws.com",
              "cluster_name": "staging",
              "cluster_service_cidr": "172.20.0.0/16",
              "cluster_version": "1.29"
            }
          },
          "sensitive_attributes": [],
          "identity_schema_version": 0,
          "dependencies": [
            "module.staging.aws_iam_role.terraform_admin_role",
            "module.staging.aws_iam_role_policy_attachment.terraform_admin_policy",
            "module.staging.data.aws_caller_identity.this",
            "module.staging.module.eks.module.eks.aws_cloudwatch_log_group.this",
            "module.staging.module.eks.module.eks.aws_eks_cluster.this",
            "module.staging.module.eks.module.eks.aws_iam_policy.cni_ipv6_policy",
            "module.staging.module.eks.module.eks.aws_iam_role.eks_auto",
            "module.staging.module.eks.module.eks.aws_iam_role.this",
            "module.staging.module.eks.module.eks.aws_iam_role_policy_attachment.this",
            "module.staging.module.eks.module.eks.aws_security_group.cluster",
            "module.staging.module.eks.module.eks.aws_security_group.node",
            "module.staging.module.eks.module.eks.aws_security_group_rule.cluster",
            "module.staging.module.eks.module.eks.aws_security_group_rule.node",
            "module.staging.module.eks.module.eks.data.aws_caller_identity.current",
            "module.staging.module.eks.module.eks.data.aws_iam_policy_document.assume_role_policy",
            "module.staging.module.eks.module.eks.data.aws_iam_policy_document.cni_ipv6_policy",
            "module.staging.module.eks.module.eks.data.aws_iam_policy_document.node_assume_role_policy",
            "module.staging.module.eks.module.eks.data.aws_iam_session_context.current",
            "module.staging.module.eks.module.eks.data.aws_partition.current",
            "module.staging.module.eks.module.eks.module.kms.aws_kms_external_key.this",
            "module.staging.module.eks.module.eks.module.kms.aws_kms_key.this",
            "module.staging.module.eks.module.eks.module.kms.aws_kms_replica_external_key.this",
            "module.staging.module.eks.module.eks.module.kms.aws_kms_replica_key.this",
            "module.staging.module.eks.module.eks.module.kms.data.aws_caller_identity.current",
            "module.staging.module.eks.module.eks.module.kms.data.aws_iam_policy_document.this",
            "module.staging.module.eks.module.eks.module.kms.data.aws_partition.current",
            "module.staging.module.network.module.vpc.aws_subnet.private",
            "module.staging.module.network.module.vpc.aws_vpc.this",
            "module.staging.module.network.module.vpc.aws_vpc_ipv4_cidr_block_association.this"
          ],
          "create_before_destroy": true
        }
      ]
    },
    {
      "module": "module.staging.module.eks.module.eks.module.eks_managed_node_group[\"main\"]",
      "mode": "data",
      "type": "aws_caller_identity",
      "name": "current",
      "provider": "provider[\"registry.terraform.io/hashicorp/aws\"]",
      "instances": [
        {
          "schema_version": 0,
          "attributes": {
            "account_id": "742460038063",
            "arn": "arn:aws:iam::742460038063:user/terraform-admin",
            "id": "742460038063",
            "user_id": "AIDA2ZXQRDOX7N7FYVEU5"
          },
          "sensitive_attributes": [],
          "identity_schema_version": 0
        }
      ]
    },
    {
      "module": "module.staging.module.eks.module.eks.module.eks_managed_node_group[\"main\"]",
      "mode": "data",
      "type": "aws_iam_policy_document",
      "name": "assume_role_policy",
      "provider": "provider[\"registry.terraform.io/hashicorp/aws\"]",
      "instances": [
        {
          "index_key": 0,
          "schema_version": 0,
          "attributes": {
            "id": "1734879000",
            "json": "{\n  \"Version\": \"2012-10-17\",\n  \"Statement\": [\n    {\n      \"Sid\": \"EKSNodeAssumeRole\",\n      \"Effect\": \"Allow\",\n      \"Action\": \"sts:AssumeRole\",\n      \"Principal\": {\n        \"Service\": \"ec2.amazonaws.com\"\n      }\n    }\n  ]\n}",
            "minified_json": "{\"Version\":\"2012-10-17\",\"Statement\":[{\"Sid\":\"EKSNodeAssumeRole\",\"Effect\":\"Allow\",\"Action\":\"sts:AssumeRole\",\"Principal\":{\"Service\":\"ec2.amazonaws.com\"}}]}",
            "override_json": null,
            "override_policy_documents": null,
            "policy_id": null,
            "source_json": null,
            "source_policy_documents": null,
            "statement": [
              {
                "actions": [
                  "sts:AssumeRole"
                ],
                "condition": [],
                "effect": "Allow",
                "not_actions": [],
                "not_principals": [],
                "not_resources": [],
                "principals": [
                  {
                    "identifiers": [
                      "ec2.amazonaws.com"
                    ],
                    "type": "Service"
                  }
                ],
                "resources": [],
                "sid": "EKSNodeAssumeRole"
              }
            ],
            "version": "2012-10-17"
          },
          "sensitive_attributes": [],
          "identity_schema_version": 0
        }
      ]
    },
    {
      "module": "module.staging.module.eks.module.eks.module.eks_managed_node_group[\"main\"]",
      "mode": "data",
      "type": "aws_partition",
      "name": "current",
      "provider": "provider[\"registry.terraform.io/hashicorp/aws\"]",
      "instances": [
        {
          "schema_version": 0,
          "attributes": {
            "dns_suffix": "amazonaws.com",
            "id": "aws",
            "partition": "aws",
            "reverse_dns_prefix": "com.amazonaws"
          },
          "sensitive_attributes": [],
          "identity_schema_version": 0
        }
      ]
    },
    {
      "module": "module.staging.module.eks.module.eks.module.eks_managed_node_group[\"main\"]",
      "mode": "managed",
      "type": "aws_eks_node_group",
      "name": "this",
      "provider": "provider[\"registry.terraform.io/hashicorp/aws\"]",
      "instances": [
        {
          "index_key": 0,
          "schema_version": 0,
          "attributes": {
            "ami_type": "AL2_x86_64",
            "arn": "arn:aws:eks:eu-west-3:742460038063:nodegroup/staging/main-20251117094721687200000017/1ccd489b-1b03-200e-b4e2-24ddc3835038",
            "capacity_type": "ON_DEMAND",
            "cluster_name": "staging",
            "disk_size": 0,
            "force_update_version": null,
            "id": "staging:main-20251117094721687200000017",
            "instance_types": [
              "t3.small"
            ],
            "labels": {},
            "launch_template": [
              {
                "id": "lt-007112a8d5263f67e",
                "name": "main-20251117094715366700000015",
                "version": "1"
              }
            ],
            "node_group_name": "main-20251117094721687200000017",
            "node_group_name_prefix": "main-",
            "node_repair_config": [],
            "node_role_arn": "arn:aws:iam::742460038063:role/main-eks-node-group-20251117093629500300000003",
            "release_version": "1.29.15-20251112",
            "remote_access": [],
            "resources": [
              {
                "autoscaling_groups": [
                  {
                    "name": "eks-main-20251117094721687200000017-1ccd489b-1b03-200e-b4e2-24ddc3835038"
                  }
                ],
                "remote_access_security_group_id": ""
              }
            ],
            "scaling_config": [
              {
                "desired_size": 2,
                "max_size": 3,
                "min_size": 1
              }
            ],
            "status": "ACTIVE",
            "subnet_ids": [
              "subnet-0458f41fa83ea654f",
              "subnet-05a8c0ccfbc5e4d23"
            ],
            "tags": {
              "Name": "main"
            },
            "tags_all": {
              "Name": "main"
            },
            "taint": [],
            "timeouts": {
              "create": null,
              "delete": null,
              "update": null
            },
            "update_config": [
              {
                "max_unavailable": 1,
                "max_unavailable_percentage": 0
              }
            ],
            "version": "1.29"
          },
          "sensitive_attributes": [],
          "identity_schema_version": 0,
          "private": "eyJlMmJmYjczMC1lY2FhLTExZTYtOGY4OC0zNDM2M2JjN2M0YzAiOnsiY3JlYXRlIjozNjAwMDAwMDAwMDAwLCJkZWxldGUiOjM2MDAwMDAwMDAwMDAsInVwZGF0ZSI6MzYwMDAwMDAwMDAwMH19",
          "dependencies": [
            "module.staging.aws_iam_role.terraform_admin_role",
            "module.staging.aws_iam_role_policy_attachment.terraform_admin_policy",
            "module.staging.data.aws_caller_identity.this",
            "module.staging.module.eks.module.eks.aws_cloudwatch_log_group.this",
            "module.staging.module.eks.module.eks.aws_eks_cluster.this",
            "module.staging.module.eks.module.eks.aws_iam_policy.cni_ipv6_policy",
            "module.staging.module.eks.module.eks.aws_iam_role.eks_auto",
            "module.staging.module.eks.module.eks.aws_iam_role.this",
            "module.staging.module.eks.module.eks.aws_iam_role_policy_attachment.this",
            "module.staging.module.eks.module.eks.aws_security_group.cluster",
            "module.staging.module.eks.module.eks.aws_security_group.node",
            "module.staging.module.eks.module.eks.aws_security_group_rule.cluster",
            "module.staging.module.eks.module.eks.aws_security_group_rule.node",
            "module.staging.module.eks.module.eks.data.aws_caller_identity.current",
            "module.staging.module.eks.module.eks.data.aws_iam_policy_document.assume_role_policy",
            "module.staging.module.eks.module.eks.data.aws_iam_policy_document.cni_ipv6_policy",
            "module.staging.module.eks.module.eks.data.aws_iam_policy_document.node_assume_role_policy",
            "module.staging.module.eks.module.eks.data.aws_iam_session_context.current",
            "module.staging.module.eks.module.eks.data.aws_partition.current",
            "module.staging.module.eks.module.eks.module.eks_managed_node_group.aws_iam_role.this",
            "module.staging.module.eks.module.eks.module.eks_managed_node_group.aws_iam_role_policy_attachment.additional",
            "module.staging.module.eks.module.eks.module.eks_managed_node_group.aws_iam_role_policy_attachment.this",
            "module.staging.module.eks.module.eks.module.eks_managed_node_group.aws_launch_template.this",
            "module.staging.module.eks.module.eks.module.eks_managed_node_group.aws_placement_group.this",
            "module.staging.module.eks.module.eks.module.eks_managed_node_group.data.aws_caller_identity.current",
            "module.staging.module.eks.module.eks.module.eks_managed_node_group.data.aws_ec2_instance_type.this",
            "module.staging.module.eks.module.eks.module.eks_managed_node_group.data.aws_ec2_instance_type_offerings.this",
            "module.staging.module.eks.module.eks.module.eks_managed_node_group.data.aws_iam_policy_document.assume_role_policy",
            "module.staging.module.eks.module.eks.module.eks_managed_node_group.data.aws_partition.current",
            "module.staging.module.eks.module.eks.module.eks_managed_node_group.data.aws_ssm_parameter.ami",
            "module.staging.module.eks.module.eks.module.eks_managed_node_group.data.aws_subnets.placement_group",
            "module.staging.module.eks.module.eks.module.eks_managed_node_group.module.user_data.data.cloudinit_config.al2023_eks_managed_node_group",
            "module.staging.module.eks.module.eks.module.eks_managed_node_group.module.user_data.data.cloudinit_config.linux_eks_managed_node_group",
            "module.staging.module.eks.module.eks.module.kms.aws_kms_external_key.this",
            "module.staging.module.eks.module.eks.module.kms.aws_kms_key.this",
            "module.staging.module.eks.module.eks.module.kms.aws_kms_replica_external_key.this",
            "module.staging.module.eks.module.eks.module.kms.aws_kms_replica_key.this",
            "module.staging.module.eks.module.eks.module.kms.data.aws_caller_identity.current",
            "module.staging.module.eks.module.eks.module.kms.data.aws_iam_policy_document.this",
            "module.staging.module.eks.module.eks.module.kms.data.aws_partition.current",
            "module.staging.module.eks.module.eks.time_sleep.this",
            "module.staging.module.network.module.vpc.aws_subnet.private",
            "module.staging.module.network.module.vpc.aws_vpc.this",
            "module.staging.module.network.module.vpc.aws_vpc_ipv4_cidr_block_association.this"
          ],
          "create_before_destroy": true
        }
      ]
    },
    {
      "module": "module.staging.module.eks.module.eks.module.eks_managed_node_group[\"main\"]",
      "mode": "managed",
      "type": "aws_iam_role",
      "name": "this",
      "provider": "provider[\"registry.terraform.io/hashicorp/aws\"]",
      "instances": [
        {
          "index_key": 0,
          "schema_version": 0,
          "attributes": {
            "arn": "arn:aws:iam::742460038063:role/main-eks-node-group-20251117093629500300000003",
            "assume_role_policy": "{\"Statement\":[{\"Action\":\"sts:AssumeRole\",\"Effect\":\"Allow\",\"Principal\":{\"Service\":\"ec2.amazonaws.com\"},\"Sid\":\"EKSNodeAssumeRole\"}],\"Version\":\"2012-10-17\"}",
            "create_date": "2025-11-17T09:36:28Z",
            "description": "EKS managed node group IAM role",
            "force_detach_policies": true,
            "id": "main-eks-node-group-20251117093629500300000003",
            "inline_policy": [],
            "managed_policy_arns": [
              "arn:aws:iam::aws:policy/AmazonEC2ContainerRegistryReadOnly",
              "arn:aws:iam::aws:policy/AmazonEKSWorkerNodePolicy",
              "arn:aws:iam::aws:policy/AmazonEKS_CNI_Policy"
            ],
            "max_session_duration": 3600,
            "name": "main-eks-node-group-20251117093629500300000003",
            "name_prefix": "main-eks-node-group-",
            "path": "/",
            "permissions_boundary": "",
            "tags": {},
            "tags_all": {},
            "unique_id": "AROA2ZXQRDOXUYDBFFD56"
          },
          "sensitive_attributes": [],
          "identity_schema_version": 0,
          "private": "bnVsbA==",
          "dependencies": [
            "module.staging.aws_iam_role.terraform_admin_role",
            "module.staging.aws_iam_role_policy_attachment.terraform_admin_policy",
            "module.staging.data.aws_caller_identity.this",
            "module.staging.module.eks.module.eks.module.eks_managed_node_group.data.aws_iam_policy_document.assume_role_policy"
          ],
          "create_before_destroy": true
        }
      ]
    },
    {
      "module": "module.staging.module.eks.module.eks.module.eks_managed_node_group[\"main\"]",
      "mode": "managed",
      "type": "aws_iam_role_policy_attachment",
      "name": "additional",
      "provider": "provider[\"registry.terraform.io/hashicorp/aws\"]",
      "instances": [
        {
          "index_key": "ecr_read_only",
          "schema_version": 0,
          "attributes": {
            "id": "main-eks-node-group-20251117093629500300000003-20251117093632099400000005",
            "policy_arn": "arn:aws:iam::aws:policy/AmazonEC2ContainerRegistryReadOnly",
            "role": "main-eks-node-group-20251117093629500300000003"
          },
          "sensitive_attributes": [],
          "identity_schema_version": 0,
          "private": "bnVsbA==",
          "dependencies": [
            "module.staging.aws_iam_role.terraform_admin_role",
            "module.staging.aws_iam_role_policy_attachment.terraform_admin_policy",
            "module.staging.data.aws_caller_identity.this",
            "module.staging.module.eks.module.eks.module.eks_managed_node_group.aws_iam_role.this",
            "module.staging.module.eks.module.eks.module.eks_managed_node_group.data.aws_iam_policy_document.assume_role_policy"
          ],
          "create_before_destroy": true
        },
        {
          "index_key": "eks_cni",
          "schema_version": 0,
          "attributes": {
            "id": "main-eks-node-group-20251117093629500300000003-20251117093632158200000007",
            "policy_arn": "arn:aws:iam::aws:policy/AmazonEKS_CNI_Policy",
            "role": "main-eks-node-group-20251117093629500300000003"
          },
          "sensitive_attributes": [],
          "identity_schema_version": 0,
          "private": "bnVsbA==",
          "dependencies": [
            "module.staging.aws_iam_role.terraform_admin_role",
            "module.staging.aws_iam_role_policy_attachment.terraform_admin_policy",
            "module.staging.data.aws_caller_identity.this",
            "module.staging.module.eks.module.eks.module.eks_managed_node_group.aws_iam_role.this",
            "module.staging.module.eks.module.eks.module.eks_managed_node_group.data.aws_iam_policy_document.assume_role_policy"
          ],
          "create_before_destroy": true
        },
        {
          "index_key": "eks_worker_node",
          "schema_version": 0,
          "attributes": {
            "id": "main-eks-node-group-20251117093629500300000003-20251117093632158200000006",
            "policy_arn": "arn:aws:iam::aws:policy/AmazonEKSWorkerNodePolicy",
            "role": "main-eks-node-group-20251117093629500300000003"
          },
          "sensitive_attributes": [],
          "identity_schema_version": 0,
          "private": "bnVsbA==",
          "dependencies": [
            "module.staging.aws_iam_role.terraform_admin_role",
            "module.staging.aws_iam_role_policy_attachment.terraform_admin_policy",
            "module.staging.data.aws_caller_identity.this",
            "module.staging.module.eks.module.eks.module.eks_managed_node_group.aws_iam_role.this",
            "module.staging.module.eks.module.eks.module.eks_managed_node_group.data.aws_iam_policy_document.assume_role_policy"
          ],
          "create_before_destroy": true
        }
      ]
    },
    {
      "module": "module.staging.module.eks.module.eks.module.eks_managed_node_group[\"main\"]",
      "mode": "managed",
      "type": "aws_iam_role_policy_attachment",
      "name": "this",
      "provider": "provider[\"registry.terraform.io/hashicorp/aws\"]",
      "instances": [
        {
          "index_key": "AmazonEC2ContainerRegistryReadOnly",
          "schema_version": 0,
          "attributes": {
            "id": "main-eks-node-group-20251117093629500300000003-20251117093632943500000009",
            "policy_arn": "arn:aws:iam::aws:policy/AmazonEC2ContainerRegistryReadOnly",
            "role": "main-eks-node-group-20251117093629500300000003"
          },
          "sensitive_attributes": [],
          "identity_schema_version": 0,
          "private": "bnVsbA==",
          "dependencies": [
            "module.staging.aws_iam_role.terraform_admin_role",
            "module.staging.aws_iam_role_policy_attachment.terraform_admin_policy",
            "module.staging.data.aws_caller_identity.this",
            "module.staging.module.eks.module.eks.module.eks_managed_node_group.aws_iam_role.this",
            "module.staging.module.eks.module.eks.module.eks_managed_node_group.data.aws_caller_identity.current",
            "module.staging.module.eks.module.eks.module.eks_managed_node_group.data.aws_iam_policy_document.assume_role_policy",
            "module.staging.module.eks.module.eks.module.eks_managed_node_group.data.aws_partition.current"
          ],
          "create_before_destroy": true
        },
        {
          "index_key": "AmazonEKSWorkerNodePolicy",
          "schema_version": 0,
          "attributes": {
            "id": "main-eks-node-group-20251117093629500300000003-20251117093632182300000008",
            "policy_arn": "arn:aws:iam::aws:policy/AmazonEKSWorkerNodePolicy",
            "role": "main-eks-node-group-20251117093629500300000003"
          },
          "sensitive_attributes": [],
          "identity_schema_version": 0,
          "private": "bnVsbA==",
          "dependencies": [
            "module.staging.aws_iam_role.terraform_admin_role",
            "module.staging.aws_iam_role_policy_attachment.terraform_admin_policy",
            "module.staging.data.aws_caller_identity.this",
            "module.staging.module.eks.module.eks.module.eks_managed_node_group.aws_iam_role.this",
            "module.staging.module.eks.module.eks.module.eks_managed_node_group.data.aws_caller_identity.current",
            "module.staging.module.eks.module.eks.module.eks_managed_node_group.data.aws_iam_policy_document.assume_role_policy",
            "module.staging.module.eks.module.eks.module.eks_managed_node_group.data.aws_partition.current"
          ],
          "create_before_destroy": true
        },
        {
          "index_key": "AmazonEKS_CNI_Policy",
          "schema_version": 0,
          "attributes": {
            "id": "main-eks-node-group-20251117093629500300000003-2025111709363367470000000d",
            "policy_arn": "arn:aws:iam::aws:policy/AmazonEKS_CNI_Policy",
            "role": "main-eks-node-group-20251117093629500300000003"
          },
          "sensitive_attributes": [],
          "identity_schema_version": 0,
          "private": "bnVsbA==",
          "dependencies": [
            "module.staging.aws_iam_role.terraform_admin_role",
            "module.staging.aws_iam_role_policy_attachment.terraform_admin_policy",
            "module.staging.data.aws_caller_identity.this",
            "module.staging.module.eks.module.eks.module.eks_managed_node_group.aws_iam_role.this",
            "module.staging.module.eks.module.eks.module.eks_managed_node_group.data.aws_caller_identity.current",
            "module.staging.module.eks.module.eks.module.eks_managed_node_group.data.aws_iam_policy_document.assume_role_policy",
            "module.staging.module.eks.module.eks.module.eks_managed_node_group.data.aws_partition.current"
          ],
          "create_before_destroy": true
        }
      ]
    },
    {
      "module": "module.staging.module.eks.module.eks.module.eks_managed_node_group[\"main\"]",
      "mode": "managed",
      "type": "aws_launch_template",
      "name": "this",
      "provider": "provider[\"registry.terraform.io/hashicorp/aws\"]",
      "instances": [
        {
          "index_key": 0,
          "schema_version": 0,
          "attributes": {
            "arn": "arn:aws:ec2:eu-west-3:742460038063:launch-template/lt-007112a8d5263f67e",
            "block_device_mappings": [],
            "capacity_reservation_specification": [],
            "cpu_options": [],
            "credit_specification": [],
            "default_version": 1,
            "description": "Custom launch template for main EKS managed node group",
            "disable_api_stop": false,
            "disable_api_termination": false,
            "ebs_optimized": "",
            "elastic_gpu_specifications": [],
            "elastic_inference_accelerator": [],
            "enclave_options": [],
            "hibernation_options": [],
            "iam_instance_profile": [],
            "id": "lt-007112a8d5263f67e",
            "image_id": "",
            "instance_initiated_shutdown_behavior": "",
            "instance_market_options": [],
            "instance_requirements": [],
            "instance_type": "",
            "kernel_id": "",
            "key_name": "",
            "latest_version": 1,
            "license_specification": [],
            "maintenance_options": [],
            "metadata_options": [
              {
                "http_endpoint": "enabled",
                "http_protocol_ipv6": "",
                "http_put_response_hop_limit": 2,
                "http_tokens": "required",
                "instance_metadata_tags": ""
              }
            ],
            "monitoring": [
              {
                "enabled": true
              }
            ],
            "name": "main-20251117094715366700000015",
            "name_prefix": "main-",
            "network_interfaces": [],
            "placement": [],
            "private_dns_name_options": [],
            "ram_disk_id": "",
            "security_group_names": [],
            "tag_specifications": [
              {
                "resource_type": "instance",
                "tags": {
                  "Name": "main"
                }
              },
              {
                "resource_type": "network-interface",
                "tags": {
                  "Name": "main"
                }
              },
              {
                "resource_type": "volume",
                "tags": {
                  "Name": "main"
                }
              }
            ],
            "tags": {},
            "tags_all": {},
            "update_default_version": true,
            "user_data": "",
            "vpc_security_group_ids": [
              "sg-0b56d0ecceae8f9b8"
            ]
          },
          "sensitive_attributes": [],
          "identity_schema_version": 0,
          "private": "bnVsbA==",
          "dependencies": [
            "module.staging.aws_iam_role.terraform_admin_role",
            "module.staging.aws_iam_role_policy_attachment.terraform_admin_policy",
            "module.staging.data.aws_caller_identity.this",
            "module.staging.module.eks.module.eks.aws_cloudwatch_log_group.this",
            "module.staging.module.eks.module.eks.aws_eks_cluster.this",
            "module.staging.module.eks.module.eks.aws_iam_policy.cni_ipv6_policy",
            "module.staging.module.eks.module.eks.aws_iam_role.eks_auto",
            "module.staging.module.eks.module.eks.aws_iam_role.this",
            "module.staging.module.eks.module.eks.aws_iam_role_policy_attachment.this",
            "module.staging.module.eks.module.eks.aws_security_group.cluster",
            "module.staging.module.eks.module.eks.aws_security_group.node",
            "module.staging.module.eks.module.eks.aws_security_group_rule.cluster",
            "module.staging.module.eks.module.eks.aws_security_group_rule.node",
            "module.staging.module.eks.module.eks.data.aws_caller_identity.current",
            "module.staging.module.eks.module.eks.data.aws_iam_policy_document.assume_role_policy",
            "module.staging.module.eks.module.eks.data.aws_iam_policy_document.cni_ipv6_policy",
            "module.staging.module.eks.module.eks.data.aws_iam_policy_document.node_assume_role_policy",
            "module.staging.module.eks.module.eks.data.aws_iam_session_context.current",
            "module.staging.module.eks.module.eks.data.aws_partition.current",
            "module.staging.module.eks.module.eks.module.eks_managed_node_group.aws_iam_role.this",
            "module.staging.module.eks.module.eks.module.eks_managed_node_group.aws_iam_role_policy_attachment.additional",
            "module.staging.module.eks.module.eks.module.eks_managed_node_group.aws_iam_role_policy_attachment.this",
            "module.staging.module.eks.module.eks.module.eks_managed_node_group.aws_placement_group.this",
            "module.staging.module.eks.module.eks.module.eks_managed_node_group.data.aws_caller_identity.current",
            "module.staging.module.eks.module.eks.module.eks_managed_node_group.data.aws_ec2_instance_type.this",
            "module.staging.module.eks.module.eks.module.eks_managed_node_group.data.aws_iam_policy_document.assume_role_policy",
            "module.staging.module.eks.module.eks.module.eks_managed_node_group.data.aws_partition.current",
            "module.staging.module.eks.module.eks.module.eks_managed_node_group.module.user_data.data.cloudinit_config.al2023_eks_managed_node_group",
            "module.staging.module.eks.module.eks.module.eks_managed_node_group.module.user_data.data.cloudinit_config.linux_eks_managed_node_group",
            "module.staging.module.eks.module.eks.module.kms.aws_kms_external_key.this",
            "module.staging.module.eks.module.eks.module.kms.aws_kms_key.this",
            "module.staging.module.eks.module.eks.module.kms.aws_kms_replica_external_key.this",
            "module.staging.module.eks.module.eks.module.kms.aws_kms_replica_key.this",
            "module.staging.module.eks.module.eks.module.kms.data.aws_caller_identity.current",
            "module.staging.module.eks.module.eks.module.kms.data.aws_iam_policy_document.this",
            "module.staging.module.eks.module.eks.module.kms.data.aws_partition.current",
            "module.staging.module.eks.module.eks.time_sleep.this",
            "module.staging.module.network.module.vpc.aws_subnet.private",
            "module.staging.module.network.module.vpc.aws_vpc.this",
            "module.staging.module.network.module.vpc.aws_vpc_ipv4_cidr_block_association.this"
          ],
          "create_before_destroy": true
        }
      ]
    },
    {
      "module": "module.staging.module.eks.module.eks.module.kms",
      "mode": "data",
      "type": "aws_caller_identity",
      "name": "current",
      "provider": "provider[\"registry.terraform.io/hashicorp/aws\"]",
      "instances": [
        {
          "index_key": 0,
          "schema_version": 0,
          "attributes": {
            "account_id": "742460038063",
            "arn": "arn:aws:iam::742460038063:user/terraform-admin",
            "id": "742460038063",
            "user_id": "AIDA2ZXQRDOX7N7FYVEU5"
          },
          "sensitive_attributes": [],
          "identity_schema_version": 0
        }
      ]
    },
    {
      "module": "module.staging.module.eks.module.eks.module.kms",
      "mode": "data",
      "type": "aws_iam_policy_document",
      "name": "this",
      "provider": "provider[\"registry.terraform.io/hashicorp/aws\"]",
      "instances": [
        {
          "index_key": 0,
          "schema_version": 0,
          "attributes": {
            "id": "1051566941",
            "json": "{\n  \"Version\": \"2012-10-17\",\n  \"Statement\": [\n    {\n      \"Sid\": \"Default\",\n      \"Effect\": \"Allow\",\n      \"Action\": \"kms:*\",\n      \"Resource\": \"*\",\n      \"Principal\": {\n        \"AWS\": \"arn:aws:iam::742460038063:root\"\n      }\n    },\n    {\n      \"Sid\": \"KeyAdministration\",\n      \"Effect\": \"Allow\",\n      \"Action\": [\n        \"kms:Update*\",\n        \"kms:UntagResource\",\n        \"kms:TagResource\",\n        \"kms:ScheduleKeyDeletion\",\n        \"kms:Revoke*\",\n        \"kms:ReplicateKey\",\n        \"kms:Put*\",\n        \"kms:List*\",\n        \"kms:ImportKeyMaterial\",\n        \"kms:Get*\",\n        \"kms:Enable*\",\n        \"kms:Disable*\",\n        \"kms:Describe*\",\n        \"kms:Delete*\",\n        \"kms:Create*\",\n        \"kms:CancelKeyDeletion\"\n      ],\n      \"Resource\": \"*\",\n      \"Principal\": {\n        \"AWS\": \"arn:aws:iam::742460038063:user/terraform-admin\"\n      }\n    },\n    {\n      \"Sid\": \"KeyUsage\",\n      \"Effect\": \"Allow\",\n      \"Action\": [\n        \"kms:ReEncrypt*\",\n        \"kms:GenerateDataKey*\",\n        \"kms:Encrypt\",\n        \"kms:DescribeKey\",\n        \"kms:Decrypt\"\n      ],\n      \"Resource\": \"*\",\n      \"Principal\": {\n        \"AWS\": \"arn:aws:iam::742460038063:role/staging-cluster-20251117093629497600000002\"\n      }\n    }\n  ]\n}",
            "minified_json": "{\"Version\":\"2012-10-17\",\"Statement\":[{\"Sid\":\"Default\",\"Effect\":\"Allow\",\"Action\":\"kms:*\",\"Resource\":\"*\",\"Principal\":{\"AWS\":\"arn:aws:iam::742460038063:root\"}},{\"Sid\":\"KeyAdministration\",\"Effect\":\"Allow\",\"Action\":[\"kms:Update*\",\"kms:UntagResource\",\"kms:TagResource\",\"kms:ScheduleKeyDeletion\",\"kms:Revoke*\",\"kms:ReplicateKey\",\"kms:Put*\",\"kms:List*\",\"kms:ImportKeyMaterial\",\"kms:Get*\",\"kms:Enable*\",\"kms:Disable*\",\"kms:Describe*\",\"kms:Delete*\",\"kms:Create*\",\"kms:CancelKeyDeletion\"],\"Resource\":\"*\",\"Principal\":{\"AWS\":\"arn:aws:iam::742460038063:user/terraform-admin\"}},{\"Sid\":\"KeyUsage\",\"Effect\":\"Allow\",\"Action\":[\"kms:ReEncrypt*\",\"kms:GenerateDataKey*\",\"kms:Encrypt\",\"kms:DescribeKey\",\"kms:Decrypt\"],\"Resource\":\"*\",\"Principal\":{\"AWS\":\"arn:aws:iam::742460038063:role/staging-cluster-20251117093629497600000002\"}}]}",
            "override_json": null,
            "override_policy_documents": null,
            "policy_id": null,
            "source_json": null,
            "source_policy_documents": null,
            "statement": [
              {
                "actions": [
                  "kms:*"
                ],
                "condition": [],
                "effect": "Allow",
                "not_actions": [],
                "not_principals": [],
                "not_resources": [],
                "principals": [
                  {
                    "identifiers": [
                      "arn:aws:iam::742460038063:root"
                    ],
                    "type": "AWS"
                  }
                ],
                "resources": [
                  "*"
                ],
                "sid": "Default"
              },
              {
                "actions": [
                  "kms:CancelKeyDeletion",
                  "kms:Create*",
                  "kms:Delete*",
                  "kms:Describe*",
                  "kms:Disable*",
                  "kms:Enable*",
                  "kms:Get*",
                  "kms:ImportKeyMaterial",
                  "kms:List*",
                  "kms:Put*",
                  "kms:ReplicateKey",
                  "kms:Revoke*",
                  "kms:ScheduleKeyDeletion",
                  "kms:TagResource",
                  "kms:UntagResource",
                  "kms:Update*"
                ],
                "condition": [],
                "effect": "Allow",
                "not_actions": [],
                "not_principals": [],
                "not_resources": [],
                "principals": [
                  {
                    "identifiers": [
                      "arn:aws:iam::742460038063:user/terraform-admin"
                    ],
                    "type": "AWS"
                  }
                ],
                "resources": [
                  "*"
                ],
                "sid": "KeyAdministration"
              },
              {
                "actions": [
                  "kms:Decrypt",
                  "kms:DescribeKey",
                  "kms:Encrypt",
                  "kms:GenerateDataKey*",
                  "kms:ReEncrypt*"
                ],
                "condition": [],
                "effect": "Allow",
                "not_actions": [],
                "not_principals": [],
                "not_resources": [],
                "principals": [
                  {
                    "identifiers": [
                      "arn:aws:iam::742460038063:role/staging-cluster-20251117093629497600000002"
                    ],
                    "type": "AWS"
                  }
                ],
                "resources": [
                  "*"
                ],
                "sid": "KeyUsage"
              }
            ],
            "version": "2012-10-17"
          },
          "sensitive_attributes": [],
          "identity_schema_version": 0
        }
      ]
    },
    {
      "module": "module.staging.module.eks.module.eks.module.kms",
      "mode": "data",
      "type": "aws_partition",
      "name": "current",
      "provider": "provider[\"registry.terraform.io/hashicorp/aws\"]",
      "instances": [
        {
          "index_key": 0,
          "schema_version": 0,
          "attributes": {
            "dns_suffix": "amazonaws.com",
            "id": "aws",
            "partition": "aws",
            "reverse_dns_prefix": "com.amazonaws"
          },
          "sensitive_attributes": [],
          "identity_schema_version": 0
        }
      ]
    },
    {
      "module": "module.staging.module.eks.module.eks.module.kms",
      "mode": "managed",
      "type": "aws_kms_key",
      "name": "this",
      "provider": "provider[\"registry.terraform.io/hashicorp/aws\"]",
      "instances": [
        {
          "index_key": 0,
          "schema_version": 0,
          "attributes": {
            "arn": "arn:aws:kms:eu-west-3:742460038063:key/174763c3-f0fd-492e-986e-e366c03afe9d",
            "bypass_policy_lockout_safety_check": false,
            "custom_key_store_id": "",
            "customer_master_key_spec": "SYMMETRIC_DEFAULT",
            "deletion_window_in_days": null,
            "description": "staging cluster encryption key",
            "enable_key_rotation": true,
            "id": "174763c3-f0fd-492e-986e-e366c03afe9d",
            "is_enabled": true,
            "key_id": "174763c3-f0fd-492e-986e-e366c03afe9d",
            "key_usage": "ENCRYPT_DECRYPT",
            "multi_region": false,
            "policy": "{\"Statement\":[{\"Action\":\"kms:*\",\"Effect\":\"Allow\",\"Principal\":{\"AWS\":\"arn:aws:iam::742460038063:root\"},\"Resource\":\"*\",\"Sid\":\"Default\"},{\"Action\":[\"kms:Update*\",\"kms:UntagResource\",\"kms:TagResource\",\"kms:ScheduleKeyDeletion\",\"kms:Revoke*\",\"kms:ReplicateKey\",\"kms:Put*\",\"kms:List*\",\"kms:ImportKeyMaterial\",\"kms:Get*\",\"kms:Enable*\",\"kms:Disable*\",\"kms:Describe*\",\"kms:Delete*\",\"kms:Create*\",\"kms:CancelKeyDeletion\"],\"Effect\":\"Allow\",\"Principal\":{\"AWS\":\"arn:aws:iam::742460038063:user/terraform-admin\"},\"Resource\":\"*\",\"Sid\":\"KeyAdministration\"},{\"Action\":[\"kms:ReEncrypt*\",\"kms:GenerateDataKey*\",\"kms:Encrypt\",\"kms:DescribeKey\",\"kms:Decrypt\"],\"Effect\":\"Allow\",\"Principal\":{\"AWS\":\"arn:aws:iam::742460038063:role/staging-cluster-20251117093629497600000002\"},\"Resource\":\"*\",\"Sid\":\"KeyUsage\"}],\"Version\":\"2012-10-17\"}",
            "rotation_period_in_days": 365,
            "tags": {
              "terraform-aws-modules": "eks"
            },
            "tags_all": {
              "terraform-aws-modules": "eks"
            },
            "timeouts": null,
            "xks_key_id": ""
          },
          "sensitive_attributes": [],
          "identity_schema_version": 0,
          "private": "eyJlMmJmYjczMC1lY2FhLTExZTYtOGY4OC0zNDM2M2JjN2M0YzAiOnsiY3JlYXRlIjoxMjAwMDAwMDAwMDB9fQ==",
          "dependencies": [
            "module.staging.aws_iam_role.terraform_admin_role",
            "module.staging.aws_iam_role_policy_attachment.terraform_admin_policy",
            "module.staging.data.aws_caller_identity.this",
            "module.staging.module.eks.module.eks.aws_iam_role.this",
            "module.staging.module.eks.module.eks.data.aws_caller_identity.current",
            "module.staging.module.eks.module.eks.data.aws_iam_policy_document.assume_role_policy",
            "module.staging.module.eks.module.eks.data.aws_iam_session_context.current",
            "module.staging.module.eks.module.eks.module.kms.data.aws_caller_identity.current",
            "module.staging.module.eks.module.eks.module.kms.data.aws_iam_policy_document.this",
            "module.staging.module.eks.module.eks.module.kms.data.aws_partition.current"
          ],
          "create_before_destroy": true
        }
      ]
    },
    {
      "module": "module.staging.module.network.module.vpc",
      "mode": "managed",
      "type": "aws_subnet",
      "name": "private",
      "provider": "provider[\"registry.terraform.io/hashicorp/aws\"]",
      "instances": [
        {
          "index_key": 0,
          "schema_version": 1,
          "attributes": {
            "arn": "arn:aws:ec2:eu-west-3:742460038063:subnet/subnet-05a8c0ccfbc5e4d23",
            "assign_ipv6_address_on_creation": false,
            "availability_zone": "eu-west-3a",
            "availability_zone_id": "euw3-az1",
            "cidr_block": "10.0.1.0/24",
            "customer_owned_ipv4_pool": "",
            "enable_dns64": false,
            "enable_lni_at_device_index": 0,
            "enable_resource_name_dns_a_record_on_launch": false,
            "enable_resource_name_dns_aaaa_record_on_launch": false,
            "id": "subnet-05a8c0ccfbc5e4d23",
            "ipv6_cidr_block": "",
            "ipv6_cidr_block_association_id": "",
            "ipv6_native": false,
            "map_customer_owned_ip_on_launch": false,
            "map_public_ip_on_launch": false,
            "outpost_arn": "",
            "owner_id": "742460038063",
            "private_dns_hostname_type_on_launch": "ip-name",
            "tags": {
              "Name": "staging-private-eu-west-3a",
              "kubernetes.io/cluster/staging": "shared",
              "kubernetes.io/role/internal-elb": "1"
            },
            "tags_all": {
              "Name": "staging-private-eu-west-3a",
              "kubernetes.io/cluster/staging": "shared",
              "kubernetes.io/role/internal-elb": "1"
            },
            "timeouts": null,
            "vpc_id": "vpc-0b3869675956d505a"
          },
          "sensitive_attributes": [],
          "identity_schema_version": 0,
          "private": "eyJlMmJmYjczMC1lY2FhLTExZTYtOGY4OC0zNDM2M2JjN2M0YzAiOnsiY3JlYXRlIjo2MDAwMDAwMDAwMDAsImRlbGV0ZSI6MTIwMDAwMDAwMDAwMH0sInNjaGVtYV92ZXJzaW9uIjoiMSJ9",
          "dependencies": [
            "module.staging.module.network.module.vpc.aws_vpc.this",
            "module.staging.module.network.module.vpc.aws_vpc_ipv4_cidr_block_association.this"
          ],
          "create_before_destroy": true
        },
        {
          "index_key": 1,
          "schema_version": 1,
          "attributes": {
            "arn": "arn:aws:ec2:eu-west-3:742460038063:subnet/subnet-0458f41fa83ea654f",
            "assign_ipv6_address_on_creation": false,
            "availability_zone": "eu-west-3b",
            "availability_zone_id": "euw3-az2",
            "cidr_block": "10.0.2.0/24",
            "customer_owned_ipv4_pool": "",
            "enable_dns64": false,
            "enable_lni_at_device_index": 0,
            "enable_resource_name_dns_a_record_on_launch": false,
            "enable_resource_name_dns_aaaa_record_on_launch": false,
            "id": "subnet-0458f41fa83ea654f",
            "ipv6_cidr_block": "",
            "ipv6_cidr_block_association_id": "",
            "ipv6_native": false,
            "map_customer_owned_ip_on_launch": false,
            "map_public_ip_on_launch": false,
            "outpost_arn": "",
            "owner_id": "742460038063",
            "private_dns_hostname_type_on_launch": "ip-name",
            "tags": {
              "Name": "staging-private-eu-west-3b",
              "kubernetes.io/cluster/staging": "shared",
              "kubernetes.io/role/internal-elb": "1"
            },
            "tags_all": {
              "Name": "staging-private-eu-west-3b",
              "kubernetes.io/cluster/staging": "shared",
              "kubernetes.io/role/internal-elb": "1"
            },
            "timeouts": null,
            "vpc_id": "vpc-0b3869675956d505a"
          },
          "sensitive_attributes": [],
          "identity_schema_version": 0,
          "private": "eyJlMmJmYjczMC1lY2FhLTExZTYtOGY4OC0zNDM2M2JjN2M0YzAiOnsiY3JlYXRlIjo2MDAwMDAwMDAwMDAsImRlbGV0ZSI6MTIwMDAwMDAwMDAwMH0sInNjaGVtYV92ZXJzaW9uIjoiMSJ9",
          "dependencies": [
            "module.staging.module.network.module.vpc.aws_vpc.this",
            "module.staging.module.network.module.vpc.aws_vpc_ipv4_cidr_block_association.this"
          ],
          "create_before_destroy": true
        }
      ]
    },
    {
      "module": "module.staging.module.network.module.vpc",
      "mode": "managed",
      "type": "aws_vpc",
      "name": "this",
      "provider": "provider[\"registry.terraform.io/hashicorp/aws\"]",
      "instances": [
        {
          "index_key": 0,
          "schema_version": 1,
          "attributes": {
            "arn": "arn:aws:ec2:eu-west-3:742460038063:vpc/vpc-0b3869675956d505a",
            "assign_generated_ipv6_cidr_block": false,
            "cidr_block": "10.0.0.0/16",
            "default_network_acl_id": "acl-050007f46b5255c18",
            "default_route_table_id": "rtb-0547266ab0f778877",
            "default_security_group_id": "sg-05635657825021aa0",
            "dhcp_options_id": "dopt-00b0d2e118a786cff",
            "enable_dns_hostnames": true,
            "enable_dns_support": true,
            "enable_network_address_usage_metrics": false,
            "id": "vpc-0b3869675956d505a",
            "instance_tenancy": "default",
            "ipv4_ipam_pool_id": null,
            "ipv4_netmask_length": null,
            "ipv6_association_id": "",
            "ipv6_cidr_block": "",
            "ipv6_cidr_block_network_border_group": "",
            "ipv6_ipam_pool_id": "",
            "ipv6_netmask_length": 0,
            "main_route_table_id": "rtb-0547266ab0f778877",
            "owner_id": "742460038063",
            "tags": {
              "Name": "staging"
            },
            "tags_all": {
              "Name": "staging"
            }
          },
          "sensitive_attributes": [],
          "identity_schema_version": 0,
          "private": "eyJzY2hlbWFfdmVyc2lvbiI6IjEifQ==",
          "create_before_destroy": true
        }
      ]
    }
  ],
  "check_results": [
    {
      "object_kind": "resource",
      "config_addr": "module.staging.module.eks.module.eks.module.eks_managed_node_group.module.user_data.null_resource.validate_cluster_service_cidr",
      "status": "unknown",
      "objects": null
    },
    {
      "object_kind": "var",
      "config_addr": "module.staging.module.eks.module.eks.module.self_managed_node_group.var.platform",
      "status": "unknown",
      "objects": null
    },
    {
      "object_kind": "resource",
      "config_addr": "module.staging.module.eks.module.eks.module.self_managed_node_group.module.user_data.null_resource.validate_cluster_service_cidr",
      "status": "unknown",
      "objects": null
    }
  ]
}
